// !$*UTF8*$!
{
	archiveVersion = 1;
	classes = {
	};
	objectVersion = 56;
	objects = {

/* Begin PBXBuildFile section */
		CD24A14F2A8A479F00E69C2C /* LearningSwiftUIApp.swift in Sources */ = {isa = PBXBuildFile; fileRef = CD24A14E2A8A479F00E69C2C /* LearningSwiftUIApp.swift */; };
		CD24A1512A8A479F00E69C2C /* ContentView.swift in Sources */ = {isa = PBXBuildFile; fileRef = CD24A1502A8A479F00E69C2C /* ContentView.swift */; };
		CD24A1532A8A47A200E69C2C /* Assets.xcassets in Resources */ = {isa = PBXBuildFile; fileRef = CD24A1522A8A47A200E69C2C /* Assets.xcassets */; };
		CD24A1562A8A47A200E69C2C /* Preview Assets.xcassets in Resources */ = {isa = PBXBuildFile; fileRef = CD24A1552A8A47A200E69C2C /* Preview Assets.xcassets */; };
		CD24A15D2A8A827500E69C2C /* LongPressGesture.swift in Sources */ = {isa = PBXBuildFile; fileRef = CD24A15C2A8A827500E69C2C /* LongPressGesture.swift */; };
		CD24A15F2A8A876600E69C2C /* MagnificationGesture.swift in Sources */ = {isa = PBXBuildFile; fileRef = CD24A15E2A8A876600E69C2C /* MagnificationGesture.swift */; };
		CD24A1612A8AD3F500E69C2C /* ScrollViewReaderBootCamp.swift in Sources */ = {isa = PBXBuildFile; fileRef = CD24A1602A8AD3F500E69C2C /* ScrollViewReaderBootCamp.swift */; };
		CD24A1632A8B82B200E69C2C /* GeometryReaderBootCamp.swift in Sources */ = {isa = PBXBuildFile; fileRef = CD24A1622A8B82B100E69C2C /* GeometryReaderBootCamp.swift */; };
		CD24A1652A8B8A7500E69C2C /* MultipleSheetBootCamp.swift in Sources */ = {isa = PBXBuildFile; fileRef = CD24A1642A8B8A7500E69C2C /* MultipleSheetBootCamp.swift */; };
		CD24A1672A8B911300E69C2C /* MaskBootCamp.swift in Sources */ = {isa = PBXBuildFile; fileRef = CD24A1662A8B911300E69C2C /* MaskBootCamp.swift */; };
		CD24A1692A8BB4B400E69C2C /* SoundEffectBootCamp.swift in Sources */ = {isa = PBXBuildFile; fileRef = CD24A1682A8BB4B400E69C2C /* SoundEffectBootCamp.swift */; };
		CD24A16C2A8BB72700E69C2C /* badum.mp3 in Resources */ = {isa = PBXBuildFile; fileRef = CD24A16B2A8BB72700E69C2C /* badum.mp3 */; };
		CD24A16E2A8BB72F00E69C2C /* tada.mp3 in Resources */ = {isa = PBXBuildFile; fileRef = CD24A16D2A8BB72F00E69C2C /* tada.mp3 */; };
		CD24A1702A8BB8B900E69C2C /* HapticsAndVibrationBootCamp.swift in Sources */ = {isa = PBXBuildFile; fileRef = CD24A16F2A8BB8B900E69C2C /* HapticsAndVibrationBootCamp.swift */; };
		CD24A1722A8CD5E700E69C2C /* LocalNotificationsBootCamp.swift in Sources */ = {isa = PBXBuildFile; fileRef = CD24A1712A8CD5E700E69C2C /* LocalNotificationsBootCamp.swift */; };
		CD24A1742A8CDE9200E69C2C /* HashableBootCamp.swift in Sources */ = {isa = PBXBuildFile; fileRef = CD24A1732A8CDE9200E69C2C /* HashableBootCamp.swift */; };
/* End PBXBuildFile section */

/* Begin PBXFileReference section */
		CD24A14B2A8A479F00E69C2C /* LearningSwiftUI.app */ = {isa = PBXFileReference; explicitFileType = wrapper.application; includeInIndex = 0; path = LearningSwiftUI.app; sourceTree = BUILT_PRODUCTS_DIR; };
		CD24A14E2A8A479F00E69C2C /* LearningSwiftUIApp.swift */ = {isa = PBXFileReference; lastKnownFileType = sourcecode.swift; path = LearningSwiftUIApp.swift; sourceTree = "<group>"; };
		CD24A1502A8A479F00E69C2C /* ContentView.swift */ = {isa = PBXFileReference; lastKnownFileType = sourcecode.swift; path = ContentView.swift; sourceTree = "<group>"; };
		CD24A1522A8A47A200E69C2C /* Assets.xcassets */ = {isa = PBXFileReference; lastKnownFileType = folder.assetcatalog; path = Assets.xcassets; sourceTree = "<group>"; };
		CD24A1552A8A47A200E69C2C /* Preview Assets.xcassets */ = {isa = PBXFileReference; lastKnownFileType = folder.assetcatalog; path = "Preview Assets.xcassets"; sourceTree = "<group>"; };
		CD24A15C2A8A827500E69C2C /* LongPressGesture.swift */ = {isa = PBXFileReference; lastKnownFileType = sourcecode.swift; path = LongPressGesture.swift; sourceTree = "<group>"; };
		CD24A15E2A8A876600E69C2C /* MagnificationGesture.swift */ = {isa = PBXFileReference; lastKnownFileType = sourcecode.swift; path = MagnificationGesture.swift; sourceTree = "<group>"; };
		CD24A1602A8AD3F500E69C2C /* ScrollViewReaderBootCamp.swift */ = {isa = PBXFileReference; lastKnownFileType = sourcecode.swift; path = ScrollViewReaderBootCamp.swift; sourceTree = "<group>"; };
		CD24A1622A8B82B100E69C2C /* GeometryReaderBootCamp.swift */ = {isa = PBXFileReference; lastKnownFileType = sourcecode.swift; path = GeometryReaderBootCamp.swift; sourceTree = "<group>"; };
		CD24A1642A8B8A7500E69C2C /* MultipleSheetBootCamp.swift */ = {isa = PBXFileReference; lastKnownFileType = sourcecode.swift; path = MultipleSheetBootCamp.swift; sourceTree = "<group>"; };
		CD24A1662A8B911300E69C2C /* MaskBootCamp.swift */ = {isa = PBXFileReference; lastKnownFileType = sourcecode.swift; path = MaskBootCamp.swift; sourceTree = "<group>"; };
		CD24A1682A8BB4B400E69C2C /* SoundEffectBootCamp.swift */ = {isa = PBXFileReference; lastKnownFileType = sourcecode.swift; path = SoundEffectBootCamp.swift; sourceTree = "<group>"; };
		CD24A16B2A8BB72700E69C2C /* badum.mp3 */ = {isa = PBXFileReference; lastKnownFileType = audio.mp3; path = badum.mp3; sourceTree = "<group>"; };
		CD24A16D2A8BB72F00E69C2C /* tada.mp3 */ = {isa = PBXFileReference; lastKnownFileType = audio.mp3; path = tada.mp3; sourceTree = "<group>"; };
		CD24A16F2A8BB8B900E69C2C /* HapticsAndVibrationBootCamp.swift */ = {isa = PBXFileReference; lastKnownFileType = sourcecode.swift; path = HapticsAndVibrationBootCamp.swift; sourceTree = "<group>"; };
		CD24A1712A8CD5E700E69C2C /* LocalNotificationsBootCamp.swift */ = {isa = PBXFileReference; lastKnownFileType = sourcecode.swift; path = LocalNotificationsBootCamp.swift; sourceTree = "<group>"; };
		CD24A1732A8CDE9200E69C2C /* HashableBootCamp.swift */ = {isa = PBXFileReference; lastKnownFileType = sourcecode.swift; path = HashableBootCamp.swift; sourceTree = "<group>"; };
/* End PBXFileReference section */

/* Begin PBXFrameworksBuildPhase section */
		CD24A1482A8A479F00E69C2C /* Frameworks */ = {
			isa = PBXFrameworksBuildPhase;
			buildActionMask = 2147483647;
			files = (
			);
			runOnlyForDeploymentPostprocessing = 0;
		};
/* End PBXFrameworksBuildPhase section */

/* Begin PBXGroup section */
		CD24A1422A8A479F00E69C2C = {
			isa = PBXGroup;
			children = (
				CD24A14D2A8A479F00E69C2C /* LearningSwiftUI */,
				CD24A14C2A8A479F00E69C2C /* Products */,
			);
			sourceTree = "<group>";
		};
		CD24A14C2A8A479F00E69C2C /* Products */ = {
			isa = PBXGroup;
			children = (
				CD24A14B2A8A479F00E69C2C /* LearningSwiftUI.app */,
			);
			name = Products;
			sourceTree = "<group>";
		};
		CD24A14D2A8A479F00E69C2C /* LearningSwiftUI */ = {
			isa = PBXGroup;
			children = (
				CD24A16A2A8BB70F00E69C2C /* Sounds */,
				CD24A14E2A8A479F00E69C2C /* LearningSwiftUIApp.swift */,
				CD24A1502A8A479F00E69C2C /* ContentView.swift */,
				CD24A15C2A8A827500E69C2C /* LongPressGesture.swift */,
				CD24A15E2A8A876600E69C2C /* MagnificationGesture.swift */,
				CD24A1602A8AD3F500E69C2C /* ScrollViewReaderBootCamp.swift */,
				CD24A1622A8B82B100E69C2C /* GeometryReaderBootCamp.swift */,
				CD24A1642A8B8A7500E69C2C /* MultipleSheetBootCamp.swift */,
				CD24A1662A8B911300E69C2C /* MaskBootCamp.swift */,
				CD24A1682A8BB4B400E69C2C /* SoundEffectBootCamp.swift */,
				CD24A16F2A8BB8B900E69C2C /* HapticsAndVibrationBootCamp.swift */,
				CD24A1712A8CD5E700E69C2C /* LocalNotificationsBootCamp.swift */,
				CD24A1732A8CDE9200E69C2C /* HashableBootCamp.swift */,
				CD24A1522A8A47A200E69C2C /* Assets.xcassets */,
				CD24A1542A8A47A200E69C2C /* Preview Content */,
			);
			path = LearningSwiftUI;
			sourceTree = "<group>";
		};
		CD24A1542A8A47A200E69C2C /* Preview Content */ = {
			isa = PBXGroup;
			children = (
				CD24A1552A8A47A200E69C2C /* Preview Assets.xcassets */,
			);
			path = "Preview Content";
			sourceTree = "<group>";
		};
		CD24A16A2A8BB70F00E69C2C /* Sounds */ = {
			isa = PBXGroup;
			children = (
				CD24A16D2A8BB72F00E69C2C /* tada.mp3 */,
				CD24A16B2A8BB72700E69C2C /* badum.mp3 */,
			);
			path = Sounds;
			sourceTree = "<group>";
		};
/* End PBXGroup section */

/* Begin PBXNativeTarget section */
		CD24A14A2A8A479F00E69C2C /* LearningSwiftUI */ = {
			isa = PBXNativeTarget;
			buildConfigurationList = CD24A1592A8A47A200E69C2C /* Build configuration list for PBXNativeTarget "LearningSwiftUI" */;
			buildPhases = (
				CD24A1472A8A479F00E69C2C /* Sources */,
				CD24A1482A8A479F00E69C2C /* Frameworks */,
				CD24A1492A8A479F00E69C2C /* Resources */,
			);
			buildRules = (
			);
			dependencies = (
			);
			name = LearningSwiftUI;
			productName = LearningSwiftUI;
			productReference = CD24A14B2A8A479F00E69C2C /* LearningSwiftUI.app */;
			productType = "com.apple.product-type.application";
		};
/* End PBXNativeTarget section */

/* Begin PBXProject section */
		CD24A1432A8A479F00E69C2C /* Project object */ = {
			isa = PBXProject;
			attributes = {
				BuildIndependentTargetsInParallel = 1;
				LastSwiftUpdateCheck = 1430;
				LastUpgradeCheck = 1430;
				TargetAttributes = {
					CD24A14A2A8A479F00E69C2C = {
						CreatedOnToolsVersion = 14.3.1;
					};
				};
			};
			buildConfigurationList = CD24A1462A8A479F00E69C2C /* Build configuration list for PBXProject "LearningSwiftUI" */;
			compatibilityVersion = "Xcode 14.0";
			developmentRegion = en;
			hasScannedForEncodings = 0;
			knownRegions = (
				en,
				Base,
			);
			mainGroup = CD24A1422A8A479F00E69C2C;
			productRefGroup = CD24A14C2A8A479F00E69C2C /* Products */;
			projectDirPath = "";
			projectRoot = "";
			targets = (
				CD24A14A2A8A479F00E69C2C /* LearningSwiftUI */,
			);
		};
/* End PBXProject section */

/* Begin PBXResourcesBuildPhase section */
		CD24A1492A8A479F00E69C2C /* Resources */ = {
			isa = PBXResourcesBuildPhase;
			buildActionMask = 2147483647;
			files = (
				CD24A16E2A8BB72F00E69C2C /* tada.mp3 in Resources */,
				CD24A16C2A8BB72700E69C2C /* badum.mp3 in Resources */,
				CD24A1562A8A47A200E69C2C /* Preview Assets.xcassets in Resources */,
				CD24A1532A8A47A200E69C2C /* Assets.xcassets in Resources */,
			);
			runOnlyForDeploymentPostprocessing = 0;
		};
/* End PBXResourcesBuildPhase section */

/* Begin PBXSourcesBuildPhase section */
		CD24A1472A8A479F00E69C2C /* Sources */ = {
			isa = PBXSourcesBuildPhase;
			buildActionMask = 2147483647;
			files = (
				CD24A1512A8A479F00E69C2C /* ContentView.swift in Sources */,
				CD24A1632A8B82B200E69C2C /* GeometryReaderBootCamp.swift in Sources */,
				CD24A1702A8BB8B900E69C2C /* HapticsAndVibrationBootCamp.swift in Sources */,
				CD24A15F2A8A876600E69C2C /* MagnificationGesture.swift in Sources */,
				CD24A14F2A8A479F00E69C2C /* LearningSwiftUIApp.swift in Sources */,
				CD24A1692A8BB4B400E69C2C /* SoundEffectBootCamp.swift in Sources */,
				CD24A1742A8CDE9200E69C2C /* HashableBootCamp.swift in Sources */,
				CD24A15D2A8A827500E69C2C /* LongPressGesture.swift in Sources */,
				CD24A1652A8B8A7500E69C2C /* MultipleSheetBootCamp.swift in Sources */,
				CD24A1672A8B911300E69C2C /* MaskBootCamp.swift in Sources */,
				CD24A1722A8CD5E700E69C2C /* LocalNotificationsBootCamp.swift in Sources */,
				CD24A1612A8AD3F500E69C2C /* ScrollViewReaderBootCamp.swift in Sources */,
			);
			runOnlyForDeploymentPostprocessing = 0;
		};
/* End PBXSourcesBuildPhase section */

/* Begin XCBuildConfiguration section */
		CD24A1572A8A47A200E69C2C /* Debug */ = {
			isa = XCBuildConfiguration;
			buildSettings = {
				ALWAYS_SEARCH_USER_PATHS = NO;
				CLANG_ANALYZER_NONNULL = YES;
				CLANG_ANALYZER_NUMBER_OBJECT_CONVERSION = YES_AGGRESSIVE;
				CLANG_CXX_LANGUAGE_STANDARD = "gnu++20";
				CLANG_ENABLE_MODULES = YES;
				CLANG_ENABLE_OBJC_ARC = YES;
				CLANG_ENABLE_OBJC_WEAK = YES;
				CLANG_WARN_BLOCK_CAPTURE_AUTORELEASING = YES;
				CLANG_WARN_BOOL_CONVERSION = YES;
				CLANG_WARN_COMMA = YES;
				CLANG_WARN_CONSTANT_CONVERSION = YES;
				CLANG_WARN_DEPRECATED_OBJC_IMPLEMENTATIONS = YES;
				CLANG_WARN_DIRECT_OBJC_ISA_USAGE = YES_ERROR;
				CLANG_WARN_DOCUMENTATION_COMMENTS = YES;
				CLANG_WARN_EMPTY_BODY = YES;
				CLANG_WARN_ENUM_CONVERSION = YES;
				CLANG_WARN_INFINITE_RECURSION = YES;
				CLANG_WARN_INT_CONVERSION = YES;
				CLANG_WARN_NON_LITERAL_NULL_CONVERSION = YES;
				CLANG_WARN_OBJC_IMPLICIT_RETAIN_SELF = YES;
				CLANG_WARN_OBJC_LITERAL_CONVERSION = YES;
				CLANG_WARN_OBJC_ROOT_CLASS = YES_ERROR;
				CLANG_WARN_QUOTED_INCLUDE_IN_FRAMEWORK_HEADER = YES;
				CLANG_WARN_RANGE_LOOP_ANALYSIS = YES;
				CLANG_WARN_STRICT_PROTOTYPES = YES;
				CLANG_WARN_SUSPICIOUS_MOVE = YES;
				CLANG_WARN_UNGUARDED_AVAILABILITY = YES_AGGRESSIVE;
				CLANG_WARN_UNREACHABLE_CODE = YES;
				CLANG_WARN__DUPLICATE_METHOD_MATCH = YES;
				COPY_PHASE_STRIP = NO;
				DEBUG_INFORMATION_FORMAT = dwarf;
				ENABLE_STRICT_OBJC_MSGSEND = YES;
				ENABLE_TESTABILITY = YES;
				GCC_C_LANGUAGE_STANDARD = gnu11;
				GCC_DYNAMIC_NO_PIC = NO;
				GCC_NO_COMMON_BLOCKS = YES;
				GCC_OPTIMIZATION_LEVEL = 0;
				GCC_PREPROCESSOR_DEFINITIONS = (
					"DEBUG=1",
					"$(inherited)",
				);
				GCC_WARN_64_TO_32_BIT_CONVERSION = YES;
				GCC_WARN_ABOUT_RETURN_TYPE = YES_ERROR;
				GCC_WARN_UNDECLARED_SELECTOR = YES;
				GCC_WARN_UNINITIALIZED_AUTOS = YES_AGGRESSIVE;
				GCC_WARN_UNUSED_FUNCTION = YES;
				GCC_WARN_UNUSED_VARIABLE = YES;
				IPHONEOS_DEPLOYMENT_TARGET = 16.4;
				MTL_ENABLE_DEBUG_INFO = INCLUDE_SOURCE;
				MTL_FAST_MATH = YES;
				ONLY_ACTIVE_ARCH = YES;
				SDKROOT = iphoneos;
				SWIFT_ACTIVE_COMPILATION_CONDITIONS = DEBUG;
				SWIFT_OPTIMIZATION_LEVEL = "-Onone";
			};
			name = Debug;
		};
		CD24A1582A8A47A200E69C2C /* Release */ = {
			isa = XCBuildConfiguration;
			buildSettings = {
				ALWAYS_SEARCH_USER_PATHS = NO;
				CLANG_ANALYZER_NONNULL = YES;
				CLANG_ANALYZER_NUMBER_OBJECT_CONVERSION = YES_AGGRESSIVE;
				CLANG_CXX_LANGUAGE_STANDARD = "gnu++20";
				CLANG_ENABLE_MODULES = YES;
				CLANG_ENABLE_OBJC_ARC = YES;
				CLANG_ENABLE_OBJC_WEAK = YES;
				CLANG_WARN_BLOCK_CAPTURE_AUTORELEASING = YES;
				CLANG_WARN_BOOL_CONVERSION = YES;
				CLANG_WARN_COMMA = YES;
				CLANG_WARN_CONSTANT_CONVERSION = YES;
				CLANG_WARN_DEPRECATED_OBJC_IMPLEMENTATIONS = YES;
				CLANG_WARN_DIRECT_OBJC_ISA_USAGE = YES_ERROR;
				CLANG_WARN_DOCUMENTATION_COMMENTS = YES;
				CLANG_WARN_EMPTY_BODY = YES;
				CLANG_WARN_ENUM_CONVERSION = YES;
				CLANG_WARN_INFINITE_RECURSION = YES;
				CLANG_WARN_INT_CONVERSION = YES;
				CLANG_WARN_NON_LITERAL_NULL_CONVERSION = YES;
				CLANG_WARN_OBJC_IMPLICIT_RETAIN_SELF = YES;
				CLANG_WARN_OBJC_LITERAL_CONVERSION = YES;
				CLANG_WARN_OBJC_ROOT_CLASS = YES_ERROR;
				CLANG_WARN_QUOTED_INCLUDE_IN_FRAMEWORK_HEADER = YES;
				CLANG_WARN_RANGE_LOOP_ANALYSIS = YES;
				CLANG_WARN_STRICT_PROTOTYPES = YES;
				CLANG_WARN_SUSPICIOUS_MOVE = YES;
				CLANG_WARN_UNGUARDED_AVAILABILITY = YES_AGGRESSIVE;
				CLANG_WARN_UNREACHABLE_CODE = YES;
				CLANG_WARN__DUPLICATE_METHOD_MATCH = YES;
				COPY_PHASE_STRIP = NO;
				DEBUG_INFORMATION_FORMAT = "dwarf-with-dsym";
				ENABLE_NS_ASSERTIONS = NO;
				ENABLE_STRICT_OBJC_MSGSEND = YES;
				GCC_C_LANGUAGE_STANDARD = gnu11;
				GCC_NO_COMMON_BLOCKS = YES;
				GCC_WARN_64_TO_32_BIT_CONVERSION = YES;
				GCC_WARN_ABOUT_RETURN_TYPE = YES_ERROR;
				GCC_WARN_UNDECLARED_SELECTOR = YES;
				GCC_WARN_UNINITIALIZED_AUTOS = YES_AGGRESSIVE;
				GCC_WARN_UNUSED_FUNCTION = YES;
				GCC_WARN_UNUSED_VARIABLE = YES;
				IPHONEOS_DEPLOYMENT_TARGET = 16.4;
				MTL_ENABLE_DEBUG_INFO = NO;
				MTL_FAST_MATH = YES;
				SDKROOT = iphoneos;
				SWIFT_COMPILATION_MODE = wholemodule;
				SWIFT_OPTIMIZATION_LEVEL = "-O";
				VALIDATE_PRODUCT = YES;
			};
			name = Release;
		};
		CD24A15A2A8A47A200E69C2C /* Debug */ = {
			isa = XCBuildConfiguration;
			buildSettings = {
				ASSETCATALOG_COMPILER_APPICON_NAME = AppIcon;
				ASSETCATALOG_COMPILER_GLOBAL_ACCENT_COLOR_NAME = AccentColor;
				CODE_SIGN_STYLE = Automatic;
				CURRENT_PROJECT_VERSION = 1;
				DEVELOPMENT_ASSET_PATHS = "\"LearningSwiftUI/Preview Content\"";
				DEVELOPMENT_TEAM = JKR3XZ5TBQ;
				ENABLE_PREVIEWS = YES;
				GENERATE_INFOPLIST_FILE = YES;
				INFOPLIST_KEY_UIApplicationSceneManifest_Generation = YES;
				INFOPLIST_KEY_UIApplicationSupportsIndirectInputEvents = YES;
				INFOPLIST_KEY_UILaunchScreen_Generation = YES;
				INFOPLIST_KEY_UISupportedInterfaceOrientations_iPad = "UIInterfaceOrientationPortrait UIInterfaceOrientationPortraitUpsideDown UIInterfaceOrientationLandscapeLeft UIInterfaceOrientationLandscapeRight";
				INFOPLIST_KEY_UISupportedInterfaceOrientations_iPhone = "UIInterfaceOrientationPortrait UIInterfaceOrientationLandscapeLeft UIInterfaceOrientationLandscapeRight";
				LD_RUNPATH_SEARCH_PATHS = (
					"$(inherited)",
					"@executable_path/Frameworks",
				);
				MARKETING_VERSION = 1.0;
				PRODUCT_BUNDLE_IDENTIFIER = com.manishparihar.LearningSwiftUI;
				PRODUCT_NAME = "$(TARGET_NAME)";
				SWIFT_EMIT_LOC_STRINGS = YES;
				SWIFT_VERSION = 5.0;
				TARGETED_DEVICE_FAMILY = "1,2";
			};
			name = Debug;
		};
		CD24A15B2A8A47A200E69C2C /* Release */ = {
			isa = XCBuildConfiguration;
			buildSettings = {
				ASSETCATALOG_COMPILER_APPICON_NAME = AppIcon;
				ASSETCATALOG_COMPILER_GLOBAL_ACCENT_COLOR_NAME = AccentColor;
				CODE_SIGN_STYLE = Automatic;
				CURRENT_PROJECT_VERSION = 1;
				DEVELOPMENT_ASSET_PATHS = "\"LearningSwiftUI/Preview Content\"";
				DEVELOPMENT_TEAM = JKR3XZ5TBQ;
				ENABLE_PREVIEWS = YES;
				GENERATE_INFOPLIST_FILE = YES;
				INFOPLIST_KEY_UIApplicationSceneManifest_Generation = YES;
				INFOPLIST_KEY_UIApplicationSupportsIndirectInputEvents = YES;
				INFOPLIST_KEY_UILaunchScreen_Generation = YES;
				INFOPLIST_KEY_UISupportedInterfaceOrientations_iPad = "UIInterfaceOrientationPortrait UIInterfaceOrientationPortraitUpsideDown UIInterfaceOrientationLandscapeLeft UIInterfaceOrientationLandscapeRight";
				INFOPLIST_KEY_UISupportedInterfaceOrientations_iPhone = "UIInterfaceOrientationPortrait UIInterfaceOrientationLandscapeLeft UIInterfaceOrientationLandscapeRight";
				LD_RUNPATH_SEARCH_PATHS = (
					"$(inherited)",
					"@executable_path/Frameworks",
				);
				MARKETING_VERSION = 1.0;
				PRODUCT_BUNDLE_IDENTIFIER = com.manishparihar.LearningSwiftUI;
				PRODUCT_NAME = "$(TARGET_NAME)";
				SWIFT_EMIT_LOC_STRINGS = YES;
				SWIFT_VERSION = 5.0;
				TARGETED_DEVICE_FAMILY = "1,2";
			};
			name = Release;
		};
/* End XCBuildConfiguration section */

/* Begin XCConfigurationList section */
		CD24A1462A8A479F00E69C2C /* Build configuration list for PBXProject "LearningSwiftUI" */ = {
			isa = XCConfigurationList;
			buildConfigurations = (
				CD24A1572A8A47A200E69C2C /* Debug */,
				CD24A1582A8A47A200E69C2C /* Release */,
			);
			defaultConfigurationIsVisible = 0;
			defaultConfigurationName = Release;
		};
		CD24A1592A8A47A200E69C2C /* Build configuration list for PBXNativeTarget "LearningSwiftUI" */ = {
			isa = XCConfigurationList;
			buildConfigurations = (
				CD24A15A2A8A47A200E69C2C /* Debug */,
				CD24A15B2A8A47A200E69C2C /* Release */,
			);
			defaultConfigurationIsVisible = 0;
			defaultConfigurationName = Release;
		};
/* End XCConfigurationList section */
	};
	rootObject = CD24A1432A8A479F00E69C2C /* Project object */;
}
